// !$*UTF8*$!
{
	archiveVersion = 1;
	classes = {
	};
	objectVersion = 46;
	objects = {

/* Begin PBXBuildFile section */
		8B55F63219F8F93A006C573F /* main.m in Sources */ = {isa = PBXBuildFile; fileRef = 8B55F63119F8F93A006C573F /* main.m */; };
		8B55F63519F8F93A006C573F /* AppDelegate.m in Sources */ = {isa = PBXBuildFile; fileRef = 8B55F63419F8F93A006C573F /* AppDelegate.m */; };
		8B55F63819F8F93B006C573F /* ViewController.m in Sources */ = {isa = PBXBuildFile; fileRef = 8B55F63719F8F93B006C573F /* ViewController.m */; };
		8B55F63B19F8F93B006C573F /* Main.storyboard in Resources */ = {isa = PBXBuildFile; fileRef = 8B55F63919F8F93B006C573F /* Main.storyboard */; };
		8B55F63D19F8F93B006C573F /* Images.xcassets in Resources */ = {isa = PBXBuildFile; fileRef = 8B55F63C19F8F93B006C573F /* Images.xcassets */; };
		8B55F64019F8F93C006C573F /* LaunchScreen.xib in Resources */ = {isa = PBXBuildFile; fileRef = 8B55F63E19F8F93C006C573F /* LaunchScreen.xib */; };
		8B55F64C19F8F93C006C573F /* PageTests.m in Sources */ = {isa = PBXBuildFile; fileRef = 8B55F64B19F8F93C006C573F /* PageTests.m */; };
/* End PBXBuildFile section */

/* Begin PBXContainerItemProxy section */
		8B55F64619F8F93C006C573F /* PBXContainerItemProxy */ = {
			isa = PBXContainerItemProxy;
			containerPortal = 8B55F62419F8F939006C573F /* Project object */;
			proxyType = 1;
			remoteGlobalIDString = 8B55F62B19F8F939006C573F;
			remoteInfo = Page;
		};
/* End PBXContainerItemProxy section */

/* Begin PBXFileReference section */
		8B55F62C19F8F939006C573F /* Page.app */ = {isa = PBXFileReference; explicitFileType = wrapper.application; includeInIndex = 0; path = Page.app; sourceTree = BUILT_PRODUCTS_DIR; };
		8B55F63019F8F93A006C573F /* Info.plist */ = {isa = PBXFileReference; lastKnownFileType = text.plist.xml; path = Info.plist; sourceTree = "<group>"; };
		8B55F63119F8F93A006C573F /* main.m */ = {isa = PBXFileReference; lastKnownFileType = sourcecode.c.objc; path = main.m; sourceTree = "<group>"; };
		8B55F63319F8F93A006C573F /* AppDelegate.h */ = {isa = PBXFileReference; lastKnownFileType = sourcecode.c.h; path = AppDelegate.h; sourceTree = "<group>"; };
		8B55F63419F8F93A006C573F /* AppDelegate.m */ = {isa = PBXFileReference; lastKnownFileType = sourcecode.c.objc; path = AppDelegate.m; sourceTree = "<group>"; };
		8B55F63619F8F93B006C573F /* ViewController.h */ = {isa = PBXFileReference; lastKnownFileType = sourcecode.c.h; path = ViewController.h; sourceTree = "<group>"; };
		8B55F63719F8F93B006C573F /* ViewController.m */ = {isa = PBXFileReference; lastKnownFileType = sourcecode.c.objc; path = ViewController.m; sourceTree = "<group>"; };
		8B55F63A19F8F93B006C573F /* Base */ = {isa = PBXFileReference; lastKnownFileType = file.storyboard; name = Base; path = Base.lproj/Main.storyboard; sourceTree = "<group>"; };
		8B55F63C19F8F93B006C573F /* Images.xcassets */ = {isa = PBXFileReference; lastKnownFileType = folder.assetcatalog; path = Images.xcassets; sourceTree = "<group>"; };
		8B55F63F19F8F93C006C573F /* Base */ = {isa = PBXFileReference; lastKnownFileType = file.xib; name = Base; path = Base.lproj/LaunchScreen.xib; sourceTree = "<group>"; };
		8B55F64519F8F93C006C573F /* PageTests.xctest */ = {isa = PBXFileReference; explicitFileType = wrapper.cfbundle; includeInIndex = 0; path = PageTests.xctest; sourceTree = BUILT_PRODUCTS_DIR; };
		8B55F64A19F8F93C006C573F /* Info.plist */ = {isa = PBXFileReference; lastKnownFileType = text.plist.xml; path = Info.plist; sourceTree = "<group>"; };
		8B55F64B19F8F93C006C573F /* PageTests.m */ = {isa = PBXFileReference; lastKnownFileType = sourcecode.c.objc; path = PageTests.m; sourceTree = "<group>"; };
/* End PBXFileReference section */

/* Begin PBXFrameworksBuildPhase section */
		8B55F62919F8F939006C573F /* Frameworks */ = {
			isa = PBXFrameworksBuildPhase;
			buildActionMask = 2147483647;
			files = (
			);
			runOnlyForDeploymentPostprocessing = 0;
		};
		8B55F64219F8F93C006C573F /* Frameworks */ = {
			isa = PBXFrameworksBuildPhase;
			buildActionMask = 2147483647;
			files = (
			);
			runOnlyForDeploymentPostprocessing = 0;
		};
/* End PBXFrameworksBuildPhase section */

/* Begin PBXGroup section */
		8B55F62319F8F939006C573F = {
			isa = PBXGroup;
			children = (
				8B55F62E19F8F939006C573F /* Page */,
				8B55F64819F8F93C006C573F /* PageTests */,
				8B55F62D19F8F939006C573F /* Products */,
			);
			sourceTree = "<group>";
		};
		8B55F62D19F8F939006C573F /* Products */ = {
			isa = PBXGroup;
			children = (
				8B55F62C19F8F939006C573F /* Page.app */,
				8B55F64519F8F93C006C573F /* PageTests.xctest */,
			);
			name = Products;
			sourceTree = "<group>";
		};
		8B55F62E19F8F939006C573F /* Page */ = {
			isa = PBXGroup;
			children = (
				8B55F63319F8F93A006C573F /* AppDelegate.h */,
				8B55F63419F8F93A006C573F /* AppDelegate.m */,
				8B55F63619F8F93B006C573F /* ViewController.h */,
				8B55F63719F8F93B006C573F /* ViewController.m */,
				8B55F63919F8F93B006C573F /* Main.storyboard */,
				8B55F63C19F8F93B006C573F /* Images.xcassets */,
				8B55F63E19F8F93C006C573F /* LaunchScreen.xib */,
				8B55F62F19F8F93A006C573F /* Supporting Files */,
			);
			path = Page;
			sourceTree = "<group>";
		};
		8B55F62F19F8F93A006C573F /* Supporting Files */ = {
			isa = PBXGroup;
			children = (
				8B55F63019F8F93A006C573F /* Info.plist */,
				8B55F63119F8F93A006C573F /* main.m */,
			);
			name = "Supporting Files";
			sourceTree = "<group>";
		};
		8B55F64819F8F93C006C573F /* PageTests */ = {
			isa = PBXGroup;
			children = (
				8B55F64B19F8F93C006C573F /* PageTests.m */,
				8B55F64919F8F93C006C573F /* Supporting Files */,
			);
			path = PageTests;
			sourceTree = "<group>";
		};
		8B55F64919F8F93C006C573F /* Supporting Files */ = {
			isa = PBXGroup;
			children = (
				8B55F64A19F8F93C006C573F /* Info.plist */,
			);
			name = "Supporting Files";
			sourceTree = "<group>";
		};
/* End PBXGroup section */

/* Begin PBXNativeTarget section */
		8B55F62B19F8F939006C573F /* Page */ = {
			isa = PBXNativeTarget;
			buildConfigurationList = 8B55F64F19F8F93C006C573F /* Build configuration list for PBXNativeTarget "Page" */;
			buildPhases = (
				8B55F62819F8F939006C573F /* Sources */,
				8B55F62919F8F939006C573F /* Frameworks */,
				8B55F62A19F8F939006C573F /* Resources */,
			);
			buildRules = (
			);
			dependencies = (
			);
			name = Page;
			productName = Page;
			productReference = 8B55F62C19F8F939006C573F /* Page.app */;
			productType = "com.apple.product-type.application";
		};
		8B55F64419F8F93C006C573F /* PageTests */ = {
			isa = PBXNativeTarget;
			buildConfigurationList = 8B55F65219F8F93C006C573F /* Build configuration list for PBXNativeTarget "PageTests" */;
			buildPhases = (
				8B55F64119F8F93C006C573F /* Sources */,
				8B55F64219F8F93C006C573F /* Frameworks */,
				8B55F64319F8F93C006C573F /* Resources */,
			);
			buildRules = (
			);
			dependencies = (
				8B55F64719F8F93C006C573F /* PBXTargetDependency */,
			);
			name = PageTests;
			productName = PageTests;
			productReference = 8B55F64519F8F93C006C573F /* PageTests.xctest */;
			productType = "com.apple.product-type.bundle.unit-test";
		};
/* End PBXNativeTarget section */

/* Begin PBXProject section */
		8B55F62419F8F939006C573F /* Project object */ = {
			isa = PBXProject;
			attributes = {
				LastUpgradeCheck = 0600;
				ORGANIZATIONNAME = Developer;
				TargetAttributes = {
					8B55F62B19F8F939006C573F = {
						CreatedOnToolsVersion = 6.0.1;
					};
					8B55F64419F8F93C006C573F = {
						CreatedOnToolsVersion = 6.0.1;
						TestTargetID = 8B55F62B19F8F939006C573F;
					};
				};
			};
			buildConfigurationList = 8B55F62719F8F939006C573F /* Build configuration list for PBXProject "Page" */;
			compatibilityVersion = "Xcode 3.2";
			developmentRegion = English;
			hasScannedForEncodings = 0;
			knownRegions = (
				en,
				Base,
			);
			mainGroup = 8B55F62319F8F939006C573F;
			productRefGroup = 8B55F62D19F8F939006C573F /* Products */;
			projectDirPath = "";
			projectRoot = "";
			targets = (
				8B55F62B19F8F939006C573F /* Page */,
				8B55F64419F8F93C006C573F /* PageTests */,
			);
		};
/* End PBXProject section */

/* Begin PBXResourcesBuildPhase section */
		8B55F62A19F8F939006C573F /* Resources */ = {
			isa = PBXResourcesBuildPhase;
			buildActionMask = 2147483647;
			files = (
				8B55F63B19F8F93B006C573F /* Main.storyboard in Resources */,
				8B55F64019F8F93C006C573F /* LaunchScreen.xib in Resources */,
				8B55F63D19F8F93B006C573F /* Images.xcassets in Resources */,
			);
			runOnlyForDeploymentPostprocessing = 0;
		};
		8B55F64319F8F93C006C573F /* Resources */ = {
			isa = PBXResourcesBuildPhase;
			buildActionMask = 2147483647;
			files = (
			);
			runOnlyForDeploymentPostprocessing = 0;
		};
/* End PBXResourcesBuildPhase section */

/* Begin PBXSourcesBuildPhase section */
		8B55F62819F8F939006C573F /* Sources */ = {
			isa = PBXSourcesBuildPhase;
			buildActionMask = 2147483647;
			files = (
				8B55F63819F8F93B006C573F /* ViewController.m in Sources */,
				8B55F63519F8F93A006C573F /* AppDelegate.m in Sources */,
				8B55F63219F8F93A006C573F /* main.m in Sources */,
			);
			runOnlyForDeploymentPostprocessing = 0;
		};
		8B55F64119F8F93C006C573F /* Sources */ = {
			isa = PBXSourcesBuildPhase;
			buildActionMask = 2147483647;
			files = (
				8B55F64C19F8F93C006C573F /* PageTests.m in Sources */,
			);
			runOnlyForDeploymentPostprocessing = 0;
		};
/* End PBXSourcesBuildPhase section */

/* Begin PBXTargetDependency section */
		8B55F64719F8F93C006C573F /* PBXTargetDependency */ = {
			isa = PBXTargetDependency;
			target = 8B55F62B19F8F939006C573F /* Page */;
			targetProxy = 8B55F64619F8F93C006C573F /* PBXContainerItemProxy */;
		};
/* End PBXTargetDependency section */

/* Begin PBXVariantGroup section */
		8B55F63919F8F93B006C573F /* Main.storyboard */ = {
			isa = PBXVariantGroup;
			children = (
				8B55F63A19F8F93B006C573F /* Base */,
			);
			name = Main.storyboard;
			sourceTree = "<group>";
		};
		8B55F63E19F8F93C006C573F /* LaunchScreen.xib */ = {
			isa = PBXVariantGroup;
			children = (
				8B55F63F19F8F93C006C573F /* Base */,
			);
			name = LaunchScreen.xib;
			sourceTree = "<group>";
		};
/* End PBXVariantGroup section */

/* Begin XCBuildConfiguration section */
		8B55F64D19F8F93C006C573F /* Debug */ = {
			isa = XCBuildConfiguration;
			buildSettings = {
				ALWAYS_SEARCH_USER_PATHS = NO;
				CLANG_CXX_LANGUAGE_STANDARD = "gnu++0x";
				CLANG_CXX_LIBRARY = "libc++";
				CLANG_ENABLE_MODULES = YES;
				CLANG_ENABLE_OBJC_ARC = YES;
				CLANG_WARN_BOOL_CONVERSION = YES;
				CLANG_WARN_CONSTANT_CONVERSION = YES;
				CLANG_WARN_DIRECT_OBJC_ISA_USAGE = YES_ERROR;
				CLANG_WARN_EMPTY_BODY = YES;
				CLANG_WARN_ENUM_CONVERSION = YES;
				CLANG_WARN_INT_CONVERSION = YES;
				CLANG_WARN_OBJC_ROOT_CLASS = YES_ERROR;
				CLANG_WARN_UNREACHABLE_CODE = YES;
				CLANG_WARN__DUPLICATE_METHOD_MATCH = YES;
				"CODE_SIGN_IDENTITY[sdk=iphoneos*]" = "iPhone Developer";
				COPY_PHASE_STRIP = NO;
				ENABLE_STRICT_OBJC_MSGSEND = YES;
				GCC_C_LANGUAGE_STANDARD = gnu99;
				GCC_DYNAMIC_NO_PIC = NO;
				GCC_OPTIMIZATION_LEVEL = 0;
				GCC_PREPROCESSOR_DEFINITIONS = (
					"DEBUG=1",
					"$(inherited)",
				);
				GCC_SYMBOLS_PRIVATE_EXTERN = NO;
				GCC_WARN_64_TO_32_BIT_CONVERSION = YES;
				GCC_WARN_ABOUT_RETURN_TYPE = YES_ERROR;
				GCC_WARN_UNDECLARED_SELECTOR = YES;
				GCC_WARN_UNINITIALIZED_AUTOS = YES_AGGRESSIVE;
				GCC_WARN_UNUSED_FUNCTION = YES;
				GCC_WARN_UNUSED_VARIABLE = YES;
				IPHONEOS_DEPLOYMENT_TARGET = 8.0;
				MTL_ENABLE_DEBUG_INFO = YES;
				ONLY_ACTIVE_ARCH = YES;
				SDKROOT = iphoneos;
			};
			name = Debug;
		};
		8B55F64E19F8F93C006C573F /* Release */ = {
			isa = XCBuildConfiguration;
			buildSettings = {
				ALWAYS_SEARCH_USER_PATHS = NO;
				CLANG_CXX_LANGUAGE_STANDARD = "gnu++0x";
				CLANG_CXX_LIBRARY = "libc++";
				CLANG_ENABLE_MODULES = YES;
				CLANG_ENABLE_OBJC_ARC = YES;
				CLANG_WARN_BOOL_CONVERSION = YES;
				CLANG_WARN_CONSTANT_CONVERSION = YES;
				CLANG_WARN_DIRECT_OBJC_ISA_USAGE = YES_ERROR;
				CLANG_WARN_EMPTY_BODY = YES;
				CLANG_WARN_ENUM_CONVERSION = YES;
				CLANG_WARN_INT_CONVERSION = YES;
				CLANG_WARN_OBJC_ROOT_CLASS = YES_ERROR;
				CLANG_WARN_UNREACHABLE_CODE = YES;
				CLANG_WARN__DUPLICATE_METHOD_MATCH = YES;
				"CODE_SIGN_IDENTITY[sdk=iphoneos*]" = "iPhone Developer";
				COPY_PHASE_STRIP = YES;
				ENABLE_NS_ASSERTIONS = NO;
				ENABLE_STRICT_OBJC_MSGSEND = YES;
				GCC_C_LANGUAGE_STANDARD = gnu99;
				GCC_WARN_64_TO_32_BIT_CONVERSION = YES;
				GCC_WARN_ABOUT_RETURN_TYPE = YES_ERROR;
				GCC_WARN_UNDECLARED_SELECTOR = YES;
				GCC_WARN_UNINITIALIZED_AUTOS = YES_AGGRESSIVE;
				GCC_WARN_UNUSED_FUNCTION = YES;
				GCC_WARN_UNUSED_VARIABLE = YES;
				IPHONEOS_DEPLOYMENT_TARGET = 8.0;
				MTL_ENABLE_DEBUG_INFO = NO;
				SDKROOT = iphoneos;
				VALIDATE_PRODUCT = YES;
			};
			name = Release;
		};
		8B55F65019F8F93C006C573F /* Debug */ = {
			isa = XCBuildConfiguration;
			buildSettings = {
				ASSETCATALOG_COMPILER_APPICON_NAME = AppIcon;
				INFOPLIST_FILE = Page/Info.plist;
				LD_RUNPATH_SEARCH_PATHS = "$(inherited) @executable_path/Frameworks";
				PRODUCT_NAME = "$(TARGET_NAME)";
			};
			name = Debug;
		};
		8B55F65119F8F93C006C573F /* Release */ = {
			isa = XCBuildConfiguration;
			buildSettings = {
				ASSETCATALOG_COMPILER_APPICON_NAME = AppIcon;
				INFOPLIST_FILE = Page/Info.plist;
				LD_RUNPATH_SEARCH_PATHS = "$(inherited) @executable_path/Frameworks";
				PRODUCT_NAME = "$(TARGET_NAME)";
			};
			name = Release;
		};
		8B55F65319F8F93C006C573F /* Debug */ = {
			isa = XCBuildConfiguration;
			buildSettings = {
				BUNDLE_LOADER = "$(TEST_HOST)";
				FRAMEWORK_SEARCH_PATHS = (
					"$(SDKROOT)/Developer/Library/Frameworks",
					"$(inherited)",
				);
				GCC_PREPROCESSOR_DEFINITIONS = (
					"DEBUG=1",
					"$(inherited)",
				);
				INFOPLIST_FILE = PageTests/Info.plist;
				LD_RUNPATH_SEARCH_PATHS = "$(inherited) @executable_path/Frameworks @loader_path/Frameworks";
				PRODUCT_NAME = "$(TARGET_NAME)";
				TEST_HOST = "$(BUILT_PRODUCTS_DIR)/Page.app/Page";
			};
			name = Debug;
		};
		8B55F65419F8F93C006C573F /* Release */ = {
			isa = XCBuildConfiguration;
			buildSettings = {
				BUNDLE_LOADER = "$(TEST_HOST)";
				FRAMEWORK_SEARCH_PATHS = (
					"$(SDKROOT)/Developer/Library/Frameworks",
					"$(inherited)",
				);
				INFOPLIST_FILE = PageTests/Info.plist;
				LD_RUNPATH_SEARCH_PATHS = "$(inherited) @executable_path/Frameworks @loader_path/Frameworks";
				PRODUCT_NAME = "$(TARGET_NAME)";
				TEST_HOST = "$(BUILT_PRODUCTS_DIR)/Page.app/Page";
			};
			name = Release;
		};
/* End XCBuildConfiguration section */

/* Begin XCConfigurationList section */
		8B55F62719F8F939006C573F /* Build configuration list for PBXProject "Page" */ = {
			isa = XCConfigurationList;
			buildConfigurations = (
				8B55F64D19F8F93C006C573F /* Debug */,
				8B55F64E19F8F93C006C573F /* Release */,
			);
			defaultConfigurationIsVisible = 0;
			defaultConfigurationName = Release;
		};
		8B55F64F19F8F93C006C573F /* Build configuration list for PBXNativeTarget "Page" */ = {
			isa = XCConfigurationList;
			buildConfigurations = (
				8B55F65019F8F93C006C573F /* Debug */,
				8B55F65119F8F93C006C573F /* Release */,
			);
			defaultConfigurationIsVisible = 0;
		};
		8B55F65219F8F93C006C573F /* Build configuration list for PBXNativeTarget "PageTests" */ = {
			isa = XCConfigurationList;
			buildConfigurations = (
				8B55F65319F8F93C006C573F /* Debug */,
				8B55F65419F8F93C006C573F /* Release */,
			);
			defaultConfigurationIsVisible = 0;
		};
/* End XCConfigurationList section */
	};
	rootObject = 8B55F62419F8F939006C573F /* Project object */;
}
